
Microsoft Visual Studio Solution File, Format Version 12.00
# Visual Studio Version 17
VisualStudioVersion = 17.7.34221.43
MinimumVisualStudioVersion = 10.0.40219.1
Project("{FAE04EC0-301F-11D3-BF4B-00C04F79EFBC}") = "ShopThoiTrang", "ShopThoiTrang\ShopThoiTrang.csproj", "{070A6862-CC2B-4F1C-8346-ECD06CCA74CB}"
EndProject
Global
	GlobalSection(SolutionConfigurationPlatforms) = preSolution
		Debug|Any CPU = Debug|Any CPU
		Release|Any CPU = Release|Any CPU
	EndGlobalSection
	GlobalSection(ProjectConfigurationPlatforms) = postSolution
		{070A6862-CC2B-4F1C-8346-ECD06CCA74CB}.Debug|Any CPU.ActiveCfg = Debug|Any CPU
		{070A6862-CC2B-4F1C-8346-ECD06CCA74CB}.Debug|Any CPU.Build.0 = Debug|Any CPU
		{070A6862-CC2B-4F1C-8346-ECD06CCA74CB}.Release|Any CPU.ActiveCfg = Release|Any CPU
		{070A6862-CC2B-4F1C-8346-ECD06CCA74CB}.Release|Any CPU.Build.0 = Release|Any CPU
	EndGlobalSection
	GlobalSection(SolutionProperties) = preSolution
		HideSolutionNode = FALSE
	EndGlobalSection
	GlobalSection(ExtensibilityGlobals) = postSolution
		SolutionGuid = {DAEDBCE2-6614-41A2-B3BE-A54820437474}
	EndGlobalSection
EndGlobal
